{
  "object": {
    "pins": [
      {
        "package": "Cachy",
        "repositoryURL": "https://github.com/Sadmansamee/CachyKit",
        "state": {
          "branch": null,
          "revision": "72d3804cc3682819c590900675d7b0ea877dc22e",
          "version": "1.0.12"
        }
      },
      {
        "package": "SideMenu",
        "repositoryURL": "https://github.com/jonkykong/SideMenu",
        "state": {
          "branch": null,
          "revision": "138103093176154f84ae9a2a63e58b9ae78bc6d7",
          "version": "6.4.8"
        }
      },
      {
        "package": "SwiftHash",
        "repositoryURL": "https://github.com/onmyway133/SwiftHash",
        "state": {
          "branch": null,
          "revision": "a900fc3f33c67eb33c9e650651edf6e23a410b3c",
          "version": "2.0.2"
        }
      },
      {
        "package": "UIImageColors",
        "repositoryURL": "https://github.com/jathu/UIImageColors",
        "state": {
          "branch": null,
          "revision": "e49e6c32ea556e9fa0109dc79686bea4a10d41a2",
          "version": "2.2.0"
        }
      }
    ]
  },
  "version": 1
}
