// !$*UTF8*$!
{
	archiveVersion = 1;
	classes = {
	};
	objectVersion = 52;
	objects = {

/* Begin PBXBuildFile section */
		0F0BD2FC246827BF00B6B618 /* AuthNavigationController.swift in Sources */ = {isa = PBXBuildFile; fileRef = 0F0BD2FB246827BE00B6B618 /* AuthNavigationController.swift */; };
		0F0BD2FE24682E7B00B6B618 /* UINavigationController+Extensions.swift in Sources */ = {isa = PBXBuildFile; fileRef = 0F0BD2FD24682E7B00B6B618 /* UINavigationController+Extensions.swift */; };
		0F0BD30024682F2200B6B618 /* FormViewController.swift in Sources */ = {isa = PBXBuildFile; fileRef = 0F0BD2FF24682F2200B6B618 /* FormViewController.swift */; };
		0F0BD3072468392100B6B618 /* UIViewController+Extensions.swift in Sources */ = {isa = PBXBuildFile; fileRef = 0F0BD3062468392100B6B618 /* UIViewController+Extensions.swift */; };
		0F3492AB23D83EB8001BD150 /* IRANSansWeb_Bold.ttf in Resources */ = {isa = PBXBuildFile; fileRef = 0F3492A523D83EB7001BD150 /* IRANSansWeb_Bold.ttf */; };
		0F3492AC23D83EB8001BD150 /* IRANSansWeb_Medium.ttf in Resources */ = {isa = PBXBuildFile; fileRef = 0F3492A623D83EB7001BD150 /* IRANSansWeb_Medium.ttf */; };
		0F3492AD23D83EB8001BD150 /* IRANSansWeb.ttf in Resources */ = {isa = PBXBuildFile; fileRef = 0F3492A723D83EB7001BD150 /* IRANSansWeb.ttf */; };
		0F3492AE23D83EB8001BD150 /* IRANSansWeb_Light.ttf in Resources */ = {isa = PBXBuildFile; fileRef = 0F3492A823D83EB8001BD150 /* IRANSansWeb_Light.ttf */; };
		0F3492AF23D83EB8001BD150 /* IRANSansWeb_Black.ttf in Resources */ = {isa = PBXBuildFile; fileRef = 0F3492A923D83EB8001BD150 /* IRANSansWeb_Black.ttf */; };
		0F3492B023D83EB8001BD150 /* IRANSansWeb_UltraLight.ttf in Resources */ = {isa = PBXBuildFile; fileRef = 0F3492AA23D83EB8001BD150 /* IRANSansWeb_UltraLight.ttf */; };
		0F3492B223D83F6C001BD150 /* CollectionWidgets.swift in Sources */ = {isa = PBXBuildFile; fileRef = 0F3492B123D83F6C001BD150 /* CollectionWidgets.swift */; };
		0F3492B523D84006001BD150 /* UIImageColors in Frameworks */ = {isa = PBXBuildFile; productRef = 0F3492B423D84006001BD150 /* UIImageColors */; };
		0F3492B723D842A3001BD150 /* AppHelper.swift in Sources */ = {isa = PBXBuildFile; fileRef = 0F3492B623D842A3001BD150 /* AppHelper.swift */; };
		0F3492BB23D853FE001BD150 /* BrandCollectionViewController.swift in Sources */ = {isa = PBXBuildFile; fileRef = 0F3492BA23D853FE001BD150 /* BrandCollectionViewController.swift */; };
		0F460E1723D45DF40052434F /* SideMenu in Frameworks */ = {isa = PBXBuildFile; productRef = 0F460E1623D45DF40052434F /* SideMenu */; };
		0F460E7A23D4778F0052434F /* SideMenu.storyboard in Resources */ = {isa = PBXBuildFile; fileRef = 0F460E7923D4778F0052434F /* SideMenu.storyboard */; };
		0F460E7D23D481090052434F /* AppData.swift in Sources */ = {isa = PBXBuildFile; fileRef = 0F460E7C23D481090052434F /* AppData.swift */; };
		0F460E7F23D481690052434F /* SideMenuData.swift in Sources */ = {isa = PBXBuildFile; fileRef = 0F460E7E23D481690052434F /* SideMenuData.swift */; };
		0F460E8123D4818C0052434F /* SideMenuFactory.swift in Sources */ = {isa = PBXBuildFile; fileRef = 0F460E8023D4818C0052434F /* SideMenuFactory.swift */; };
		0F460E8423D48E730052434F /* RightSideMenuViewController.swift in Sources */ = {isa = PBXBuildFile; fileRef = 0F460E8323D48E730052434F /* RightSideMenuViewController.swift */; };
		0F460E8523D4935F0052434F /* sideMenu.plist in Resources */ = {isa = PBXBuildFile; fileRef = 0F460E8223D488290052434F /* sideMenu.plist */; };
		0F4EC3972407F6C000EA845C /* String+Extensions.swift in Sources */ = {isa = PBXBuildFile; fileRef = 0F4EC3962407F6C000EA845C /* String+Extensions.swift */; };
		0F506BED23D73A4700303A1C /* Embedder.swift in Sources */ = {isa = PBXBuildFile; fileRef = 0F506BEC23D73A4700303A1C /* Embedder.swift */; };
		0F506BF023D73FA200303A1C /* Array+Extensions.swift in Sources */ = {isa = PBXBuildFile; fileRef = 0F506BEF23D73FA100303A1C /* Array+Extensions.swift */; };
		0F506BF723D7417600303A1C /* Home.storyboard in Resources */ = {isa = PBXBuildFile; fileRef = 0F506BF623D7417600303A1C /* Home.storyboard */; };
		0F506BF923D741E100303A1C /* HomeViewController.swift in Sources */ = {isa = PBXBuildFile; fileRef = 0F506BF823D741E100303A1C /* HomeViewController.swift */; };
		0F506BFB23D7454300303A1C /* MainViewControllersFactory.swift in Sources */ = {isa = PBXBuildFile; fileRef = 0F506BFA23D7454300303A1C /* MainViewControllersFactory.swift */; };
		0F5881A0244B43680027C329 /* Auth.storyboard in Resources */ = {isa = PBXBuildFile; fileRef = 0F58819F244B43680027C329 /* Auth.storyboard */; };
		0F5881A3244B4BAD0027C329 /* SkyFloatingLabelTextField in Frameworks */ = {isa = PBXBuildFile; productRef = 0F5881A2244B4BAD0027C329 /* SkyFloatingLabelTextField */; };
		0F5881A5245595E10027C329 /* LoginViewController.swift in Sources */ = {isa = PBXBuildFile; fileRef = 0F5881A4245595E10027C329 /* LoginViewController.swift */; };
		0F5881A724559D2E0027C329 /* ForgetPasswordViewController.swift in Sources */ = {isa = PBXBuildFile; fileRef = 0F5881A624559D2D0027C329 /* ForgetPasswordViewController.swift */; };
		0F5881A924559F620027C329 /* RegisterViewController.swift in Sources */ = {isa = PBXBuildFile; fileRef = 0F5881A824559F620027C329 /* RegisterViewController.swift */; };
		0F59B4E723FC02A5008A9E13 /* ScrollableNavigationController.swift in Sources */ = {isa = PBXBuildFile; fileRef = 0F59B4E623FC02A5008A9E13 /* ScrollableNavigationController.swift */; };
		0F5EA95923FD3718005274CD /* PaddedTextField.swift in Sources */ = {isa = PBXBuildFile; fileRef = 0F5EA95823FD3718005274CD /* PaddedTextField.swift */; };
		0F65DC8423D0A99B001E1CA9 /* AppDelegate.swift in Sources */ = {isa = PBXBuildFile; fileRef = 0F65DC8323D0A99B001E1CA9 /* AppDelegate.swift */; };
		0F65DC8823D0A99B001E1CA9 /* ViewController.swift in Sources */ = {isa = PBXBuildFile; fileRef = 0F65DC8723D0A99B001E1CA9 /* ViewController.swift */; };
		0F65DC8B23D0A99B001E1CA9 /* Main.storyboard in Resources */ = {isa = PBXBuildFile; fileRef = 0F65DC8923D0A99B001E1CA9 /* Main.storyboard */; };
		0F65DC9023D0A99D001E1CA9 /* LaunchScreen.storyboard in Resources */ = {isa = PBXBuildFile; fileRef = 0F65DC8E23D0A99D001E1CA9 /* LaunchScreen.storyboard */; };
		0F65DC9A23D0A9BF001E1CA9 /* IntroStoryboard.storyboard in Resources */ = {isa = PBXBuildFile; fileRef = 0F65DC9723D0A9BF001E1CA9 /* IntroStoryboard.storyboard */; };
		0F65DC9B23D0A9BF001E1CA9 /* IntroSimplePageViewController.swift in Sources */ = {isa = PBXBuildFile; fileRef = 0F65DC9823D0A9BF001E1CA9 /* IntroSimplePageViewController.swift */; };
		0F65DC9C23D0A9BF001E1CA9 /* IntroMainPageViewController.swift in Sources */ = {isa = PBXBuildFile; fileRef = 0F65DC9923D0A9BF001E1CA9 /* IntroMainPageViewController.swift */; };
		0F65DCA923D0B89F001E1CA9 /* Assets.xcassets in Resources */ = {isa = PBXBuildFile; fileRef = 0F65DC8C23D0A99D001E1CA9 /* Assets.xcassets */; };
		0F67ED11243B516B00C28C3A /* HHPickerView.swift in Sources */ = {isa = PBXBuildFile; fileRef = 0F67ED10243B516B00C28C3A /* HHPickerView.swift */; };
		0F67ED13243B571600C28C3A /* Double+Extension.swift in Sources */ = {isa = PBXBuildFile; fileRef = 0F67ED12243B571600C28C3A /* Double+Extension.swift */; };
		0F67ED15243B577F00C28C3A /* UIPicker+Extensions.swift in Sources */ = {isa = PBXBuildFile; fileRef = 0F67ED14243B577F00C28C3A /* UIPicker+Extensions.swift */; };
		0F67ED1B243C72A200C28C3A /* SearchResultViewController.swift in Sources */ = {isa = PBXBuildFile; fileRef = 0F67ED1A243C72A200C28C3A /* SearchResultViewController.swift */; };
		0F67ED1D243C72E700C28C3A /* SearchResult.storyboard in Resources */ = {isa = PBXBuildFile; fileRef = 0F67ED1C243C72E700C28C3A /* SearchResult.storyboard */; };
		0F67ED1F243DC41600C28C3A /* CACornerMask+Extensions.swift in Sources */ = {isa = PBXBuildFile; fileRef = 0F67ED1E243DC41600C28C3A /* CACornerMask+Extensions.swift */; };
		0F78C69B23D6060E00F72811 /* UIColor+Extensions.swift in Sources */ = {isa = PBXBuildFile; fileRef = 0F78C69A23D6060E00F72811 /* UIColor+Extensions.swift */; };
		0F78C69D23D61E5400F72811 /* CustomTabbar.swift in Sources */ = {isa = PBXBuildFile; fileRef = 0F78C69C23D61E5400F72811 /* CustomTabbar.swift */; };
		0F78C69F23D61EBE00F72811 /* CustomTabbar.storyboard in Resources */ = {isa = PBXBuildFile; fileRef = 0F78C69E23D61EBE00F72811 /* CustomTabbar.storyboard */; };
		0F7DEEA5243DEA39002CA8B1 /* RoundShadowView.swift in Sources */ = {isa = PBXBuildFile; fileRef = 0F7DEEA4243DEA39002CA8B1 /* RoundShadowView.swift */; };
		0F7DEEA7243DEFAB002CA8B1 /* Cart.storyboard in Resources */ = {isa = PBXBuildFile; fileRef = 0F7DEEA6243DEFAB002CA8B1 /* Cart.storyboard */; };
		0F7DEEA9243DF44B002CA8B1 /* CartViewController.swift in Sources */ = {isa = PBXBuildFile; fileRef = 0F7DEEA8243DF44B002CA8B1 /* CartViewController.swift */; };
		0F7DEEAB243E04D6002CA8B1 /* UIAlertController+Extensions.swift in Sources */ = {isa = PBXBuildFile; fileRef = 0F7DEEAA243E04D6002CA8B1 /* UIAlertController+Extensions.swift */; };
		0F99640C2417B214004DF118 /* ColorPickerCollectionView.swift in Sources */ = {isa = PBXBuildFile; fileRef = 0F99640B2417B214004DF118 /* ColorPickerCollectionView.swift */; };
		0FA1CC4323E020F8002F0F8E /* ProductMockFactory.swift in Sources */ = {isa = PBXBuildFile; fileRef = 0FA1CC4223E020F8002F0F8E /* ProductMockFactory.swift */; };
		0FA1CC4523E6A1B9002F0F8E /* ScrollableViewController.swift in Sources */ = {isa = PBXBuildFile; fileRef = 0FA1CC4423E6A1B9002F0F8E /* ScrollableViewController.swift */; };
		0FCDC47C24010C9B001FEAB4 /* UIStroyboard+Extension.swift in Sources */ = {isa = PBXBuildFile; fileRef = 0FCDC47B24010C9B001FEAB4 /* UIStroyboard+Extension.swift */; };
		0FCDC47E2401232C001FEAB4 /* Cart.swift in Sources */ = {isa = PBXBuildFile; fileRef = 0FCDC47D2401232C001FEAB4 /* Cart.swift */; };
		0FDD2C3523DEF1F5006EE934 /* ProductDetail.swift in Sources */ = {isa = PBXBuildFile; fileRef = 0FDD2C3423DEF1F5006EE934 /* ProductDetail.swift */; };
		0FDD2C3823E02011006EE934 /* Product.storyboard in Resources */ = {isa = PBXBuildFile; fileRef = 0FDD2C3723E02011006EE934 /* Product.storyboard */; };
		0FEF90B223D4AC9000D98060 /* UIView+Extensions.swift in Sources */ = {isa = PBXBuildFile; fileRef = 0FEF90B123D4AC9000D98060 /* UIView+Extensions.swift */; };
		0FEF90B423D4AC9600D98060 /* UIButton+Extensions.swift in Sources */ = {isa = PBXBuildFile; fileRef = 0FEF90B323D4AC9600D98060 /* UIButton+Extensions.swift */; };
		0FEF90B623D4AED600D98060 /* BaseNavigationController.swift in Sources */ = {isa = PBXBuildFile; fileRef = 0FEF90B523D4AED600D98060 /* BaseNavigationController.swift */; };
		0FEF90BB23D5E29300D98060 /* MainViewController.swift in Sources */ = {isa = PBXBuildFile; fileRef = 0FEF90BA23D5E29300D98060 /* MainViewController.swift */; };
		0FF8254223D99D19001F61D5 /* Cachy in Frameworks */ = {isa = PBXBuildFile; productRef = 0FF8254123D99D19001F61D5 /* Cachy */; };
		0FF8254723D99F00001F61D5 /* SwiftHash in Frameworks */ = {isa = PBXBuildFile; productRef = 0FF8254623D99F00001F61D5 /* SwiftHash */; };
		0FF8254923D9D2DF001F61D5 /* UIImage+Extensions.swift in Sources */ = {isa = PBXBuildFile; fileRef = 0FF8254823D9D2DF001F61D5 /* UIImage+Extensions.swift */; };
		0FF8254B23D9D2E8001F61D5 /* Data+Extensions.swift in Sources */ = {isa = PBXBuildFile; fileRef = 0FF8254A23D9D2E8001F61D5 /* Data+Extensions.swift */; };
		0FF8254D23D9D3F8001F61D5 /* CachyCacheManager.swift in Sources */ = {isa = PBXBuildFile; fileRef = 0FF8254C23D9D3F8001F61D5 /* CachyCacheManager.swift */; };
		0FF8254F23D9D6AE001F61D5 /* CacheManagerProtocol.swift in Sources */ = {isa = PBXBuildFile; fileRef = 0FF8254E23D9D6AE001F61D5 /* CacheManagerProtocol.swift */; };
		0FF8255123DDB78F001F61D5 /* Date+Extensions.swift in Sources */ = {isa = PBXBuildFile; fileRef = 0FF8255023DDB78F001F61D5 /* Date+Extensions.swift */; };
		0FF8255723DDCD77001F61D5 /* ProductListViewController.swift in Sources */ = {isa = PBXBuildFile; fileRef = 0FF8255623DDCD77001F61D5 /* ProductListViewController.swift */; };
		0FF8255923DDCE27001F61D5 /* MockData.swift in Sources */ = {isa = PBXBuildFile; fileRef = 0FF8255823DDCE27001F61D5 /* MockData.swift */; };
		0FFB10522407F21A000A6DA6 /* CustomCartView.swift in Sources */ = {isa = PBXBuildFile; fileRef = 0FFB10512407F21A000A6DA6 /* CustomCartView.swift */; };
		0FFB10542407F21F000A6DA6 /* CartButton.xib in Resources */ = {isa = PBXBuildFile; fileRef = 0FFB10532407F21F000A6DA6 /* CartButton.xib */; };
		0FFB10562407F223000A6DA6 /* CustomCartButton.swift in Sources */ = {isa = PBXBuildFile; fileRef = 0FFB10552407F223000A6DA6 /* CustomCartButton.swift */; };
		0FFFCA8F243DCDF40084AAE0 /* SearchResultTableViewCells.swift in Sources */ = {isa = PBXBuildFile; fileRef = 0FFFCA8E243DCDF40084AAE0 /* SearchResultTableViewCells.swift */; };
/* End PBXBuildFile section */

/* Begin PBXFileReference section */
		0F0BD2FB246827BE00B6B618 /* AuthNavigationController.swift */ = {isa = PBXFileReference; lastKnownFileType = sourcecode.swift; path = AuthNavigationController.swift; sourceTree = "<group>"; };
		0F0BD2FD24682E7B00B6B618 /* UINavigationController+Extensions.swift */ = {isa = PBXFileReference; lastKnownFileType = sourcecode.swift; path = "UINavigationController+Extensions.swift"; sourceTree = "<group>"; };
		0F0BD2FF24682F2200B6B618 /* FormViewController.swift */ = {isa = PBXFileReference; lastKnownFileType = sourcecode.swift; path = FormViewController.swift; sourceTree = "<group>"; };
		0F0BD3062468392100B6B618 /* UIViewController+Extensions.swift */ = {isa = PBXFileReference; lastKnownFileType = sourcecode.swift; path = "UIViewController+Extensions.swift"; sourceTree = "<group>"; };
		0F3492A523D83EB7001BD150 /* IRANSansWeb_Bold.ttf */ = {isa = PBXFileReference; lastKnownFileType = file; path = IRANSansWeb_Bold.ttf; sourceTree = "<group>"; };
		0F3492A623D83EB7001BD150 /* IRANSansWeb_Medium.ttf */ = {isa = PBXFileReference; lastKnownFileType = file; path = IRANSansWeb_Medium.ttf; sourceTree = "<group>"; };
		0F3492A723D83EB7001BD150 /* IRANSansWeb.ttf */ = {isa = PBXFileReference; lastKnownFileType = file; path = IRANSansWeb.ttf; sourceTree = "<group>"; };
		0F3492A823D83EB8001BD150 /* IRANSansWeb_Light.ttf */ = {isa = PBXFileReference; lastKnownFileType = file; path = IRANSansWeb_Light.ttf; sourceTree = "<group>"; };
		0F3492A923D83EB8001BD150 /* IRANSansWeb_Black.ttf */ = {isa = PBXFileReference; lastKnownFileType = file; path = IRANSansWeb_Black.ttf; sourceTree = "<group>"; };
		0F3492AA23D83EB8001BD150 /* IRANSansWeb_UltraLight.ttf */ = {isa = PBXFileReference; lastKnownFileType = file; path = IRANSansWeb_UltraLight.ttf; sourceTree = "<group>"; };
		0F3492B123D83F6C001BD150 /* CollectionWidgets.swift */ = {isa = PBXFileReference; lastKnownFileType = sourcecode.swift; path = CollectionWidgets.swift; sourceTree = "<group>"; };
		0F3492B623D842A3001BD150 /* AppHelper.swift */ = {isa = PBXFileReference; lastKnownFileType = sourcecode.swift; path = AppHelper.swift; sourceTree = "<group>"; };
		0F3492BA23D853FE001BD150 /* BrandCollectionViewController.swift */ = {isa = PBXFileReference; lastKnownFileType = sourcecode.swift; path = BrandCollectionViewController.swift; sourceTree = "<group>"; };
		0F460E7923D4778F0052434F /* SideMenu.storyboard */ = {isa = PBXFileReference; lastKnownFileType = file.storyboard; path = SideMenu.storyboard; sourceTree = "<group>"; };
		0F460E7C23D481090052434F /* AppData.swift */ = {isa = PBXFileReference; lastKnownFileType = sourcecode.swift; path = AppData.swift; sourceTree = "<group>"; };
		0F460E7E23D481690052434F /* SideMenuData.swift */ = {isa = PBXFileReference; lastKnownFileType = sourcecode.swift; path = SideMenuData.swift; sourceTree = "<group>"; };
		0F460E8023D4818C0052434F /* SideMenuFactory.swift */ = {isa = PBXFileReference; lastKnownFileType = sourcecode.swift; path = SideMenuFactory.swift; sourceTree = "<group>"; };
		0F460E8223D488290052434F /* sideMenu.plist */ = {isa = PBXFileReference; lastKnownFileType = text.plist.xml; path = sideMenu.plist; sourceTree = "<group>"; };
		0F460E8323D48E730052434F /* RightSideMenuViewController.swift */ = {isa = PBXFileReference; lastKnownFileType = sourcecode.swift; path = RightSideMenuViewController.swift; sourceTree = "<group>"; };
		0F4EC3962407F6C000EA845C /* String+Extensions.swift */ = {isa = PBXFileReference; lastKnownFileType = sourcecode.swift; path = "String+Extensions.swift"; sourceTree = "<group>"; };
		0F506BEC23D73A4700303A1C /* Embedder.swift */ = {isa = PBXFileReference; fileEncoding = 4; lastKnownFileType = sourcecode.swift; path = Embedder.swift; sourceTree = "<group>"; };
		0F506BEF23D73FA100303A1C /* Array+Extensions.swift */ = {isa = PBXFileReference; fileEncoding = 4; lastKnownFileType = sourcecode.swift; path = "Array+Extensions.swift"; sourceTree = "<group>"; };
		0F506BF623D7417600303A1C /* Home.storyboard */ = {isa = PBXFileReference; lastKnownFileType = file.storyboard; path = Home.storyboard; sourceTree = "<group>"; };
		0F506BF823D741E100303A1C /* HomeViewController.swift */ = {isa = PBXFileReference; lastKnownFileType = sourcecode.swift; path = HomeViewController.swift; sourceTree = "<group>"; };
		0F506BFA23D7454300303A1C /* MainViewControllersFactory.swift */ = {isa = PBXFileReference; lastKnownFileType = sourcecode.swift; path = MainViewControllersFactory.swift; sourceTree = "<group>"; };
		0F58819F244B43680027C329 /* Auth.storyboard */ = {isa = PBXFileReference; lastKnownFileType = file.storyboard; path = Auth.storyboard; sourceTree = "<group>"; };
		0F5881A4245595E10027C329 /* LoginViewController.swift */ = {isa = PBXFileReference; lastKnownFileType = sourcecode.swift; path = LoginViewController.swift; sourceTree = "<group>"; };
		0F5881A624559D2D0027C329 /* ForgetPasswordViewController.swift */ = {isa = PBXFileReference; lastKnownFileType = sourcecode.swift; path = ForgetPasswordViewController.swift; sourceTree = "<group>"; };
		0F5881A824559F620027C329 /* RegisterViewController.swift */ = {isa = PBXFileReference; lastKnownFileType = sourcecode.swift; path = RegisterViewController.swift; sourceTree = "<group>"; };
		0F59B4E623FC02A5008A9E13 /* ScrollableNavigationController.swift */ = {isa = PBXFileReference; lastKnownFileType = sourcecode.swift; path = ScrollableNavigationController.swift; sourceTree = "<group>"; };
		0F5EA95823FD3718005274CD /* PaddedTextField.swift */ = {isa = PBXFileReference; lastKnownFileType = sourcecode.swift; path = PaddedTextField.swift; sourceTree = "<group>"; };
		0F65DC8023D0A99B001E1CA9 /* Dipti.app */ = {isa = PBXFileReference; explicitFileType = wrapper.application; includeInIndex = 0; path = Dipti.app; sourceTree = BUILT_PRODUCTS_DIR; };
		0F65DC8323D0A99B001E1CA9 /* AppDelegate.swift */ = {isa = PBXFileReference; lastKnownFileType = sourcecode.swift; path = AppDelegate.swift; sourceTree = "<group>"; };
		0F65DC8723D0A99B001E1CA9 /* ViewController.swift */ = {isa = PBXFileReference; lastKnownFileType = sourcecode.swift; path = ViewController.swift; sourceTree = "<group>"; };
		0F65DC8A23D0A99B001E1CA9 /* Base */ = {isa = PBXFileReference; lastKnownFileType = file.storyboard; name = Base; path = Base.lproj/Main.storyboard; sourceTree = "<group>"; };
		0F65DC8C23D0A99D001E1CA9 /* Assets.xcassets */ = {isa = PBXFileReference; lastKnownFileType = folder.assetcatalog; path = Assets.xcassets; sourceTree = "<group>"; };
		0F65DC8F23D0A99D001E1CA9 /* Base */ = {isa = PBXFileReference; lastKnownFileType = file.storyboard; name = Base; path = Base.lproj/LaunchScreen.storyboard; sourceTree = "<group>"; };
		0F65DC9123D0A99D001E1CA9 /* Info.plist */ = {isa = PBXFileReference; lastKnownFileType = text.plist.xml; path = Info.plist; sourceTree = "<group>"; };
		0F65DC9723D0A9BF001E1CA9 /* IntroStoryboard.storyboard */ = {isa = PBXFileReference; fileEncoding = 4; lastKnownFileType = file.storyboard; path = IntroStoryboard.storyboard; sourceTree = "<group>"; };
		0F65DC9823D0A9BF001E1CA9 /* IntroSimplePageViewController.swift */ = {isa = PBXFileReference; fileEncoding = 4; lastKnownFileType = sourcecode.swift; path = IntroSimplePageViewController.swift; sourceTree = "<group>"; };
		0F65DC9923D0A9BF001E1CA9 /* IntroMainPageViewController.swift */ = {isa = PBXFileReference; fileEncoding = 4; lastKnownFileType = sourcecode.swift; path = IntroMainPageViewController.swift; sourceTree = "<group>"; };
		0F67ED10243B516B00C28C3A /* HHPickerView.swift */ = {isa = PBXFileReference; lastKnownFileType = sourcecode.swift; path = HHPickerView.swift; sourceTree = "<group>"; };
		0F67ED12243B571600C28C3A /* Double+Extension.swift */ = {isa = PBXFileReference; lastKnownFileType = sourcecode.swift; path = "Double+Extension.swift"; sourceTree = "<group>"; };
		0F67ED14243B577F00C28C3A /* UIPicker+Extensions.swift */ = {isa = PBXFileReference; lastKnownFileType = sourcecode.swift; path = "UIPicker+Extensions.swift"; sourceTree = "<group>"; };
		0F67ED1A243C72A200C28C3A /* SearchResultViewController.swift */ = {isa = PBXFileReference; lastKnownFileType = sourcecode.swift; path = SearchResultViewController.swift; sourceTree = "<group>"; };
		0F67ED1C243C72E700C28C3A /* SearchResult.storyboard */ = {isa = PBXFileReference; lastKnownFileType = file.storyboard; path = SearchResult.storyboard; sourceTree = "<group>"; };
		0F67ED1E243DC41600C28C3A /* CACornerMask+Extensions.swift */ = {isa = PBXFileReference; lastKnownFileType = sourcecode.swift; path = "CACornerMask+Extensions.swift"; sourceTree = "<group>"; };
		0F78C69A23D6060E00F72811 /* UIColor+Extensions.swift */ = {isa = PBXFileReference; fileEncoding = 4; lastKnownFileType = sourcecode.swift; path = "UIColor+Extensions.swift"; sourceTree = "<group>"; };
		0F78C69C23D61E5400F72811 /* CustomTabbar.swift */ = {isa = PBXFileReference; lastKnownFileType = sourcecode.swift; path = CustomTabbar.swift; sourceTree = "<group>"; };
		0F78C69E23D61EBE00F72811 /* CustomTabbar.storyboard */ = {isa = PBXFileReference; lastKnownFileType = file.storyboard; path = CustomTabbar.storyboard; sourceTree = "<group>"; };
		0F7DEEA4243DEA39002CA8B1 /* RoundShadowView.swift */ = {isa = PBXFileReference; lastKnownFileType = sourcecode.swift; path = RoundShadowView.swift; sourceTree = "<group>"; };
		0F7DEEA6243DEFAB002CA8B1 /* Cart.storyboard */ = {isa = PBXFileReference; lastKnownFileType = file.storyboard; path = Cart.storyboard; sourceTree = "<group>"; };
		0F7DEEA8243DF44B002CA8B1 /* CartViewController.swift */ = {isa = PBXFileReference; lastKnownFileType = sourcecode.swift; path = CartViewController.swift; sourceTree = "<group>"; };
		0F7DEEAA243E04D6002CA8B1 /* UIAlertController+Extensions.swift */ = {isa = PBXFileReference; lastKnownFileType = sourcecode.swift; path = "UIAlertController+Extensions.swift"; sourceTree = "<group>"; };
		0F99640B2417B214004DF118 /* ColorPickerCollectionView.swift */ = {isa = PBXFileReference; lastKnownFileType = sourcecode.swift; path = ColorPickerCollectionView.swift; sourceTree = "<group>"; };
		0FA1CC4223E020F8002F0F8E /* ProductMockFactory.swift */ = {isa = PBXFileReference; lastKnownFileType = sourcecode.swift; path = ProductMockFactory.swift; sourceTree = "<group>"; };
		0FA1CC4423E6A1B9002F0F8E /* ScrollableViewController.swift */ = {isa = PBXFileReference; lastKnownFileType = sourcecode.swift; path = ScrollableViewController.swift; sourceTree = "<group>"; };
		0FCDC47B24010C9B001FEAB4 /* UIStroyboard+Extension.swift */ = {isa = PBXFileReference; lastKnownFileType = sourcecode.swift; path = "UIStroyboard+Extension.swift"; sourceTree = "<group>"; };
		0FCDC47D2401232C001FEAB4 /* Cart.swift */ = {isa = PBXFileReference; lastKnownFileType = sourcecode.swift; path = Cart.swift; sourceTree = "<group>"; };
		0FDD2C3423DEF1F5006EE934 /* ProductDetail.swift */ = {isa = PBXFileReference; lastKnownFileType = sourcecode.swift; path = ProductDetail.swift; sourceTree = "<group>"; };
		0FDD2C3723E02011006EE934 /* Product.storyboard */ = {isa = PBXFileReference; lastKnownFileType = file.storyboard; path = Product.storyboard; sourceTree = "<group>"; };
		0FEF90B123D4AC9000D98060 /* UIView+Extensions.swift */ = {isa = PBXFileReference; fileEncoding = 4; lastKnownFileType = sourcecode.swift; path = "UIView+Extensions.swift"; sourceTree = "<group>"; };
		0FEF90B323D4AC9600D98060 /* UIButton+Extensions.swift */ = {isa = PBXFileReference; fileEncoding = 4; lastKnownFileType = sourcecode.swift; path = "UIButton+Extensions.swift"; sourceTree = "<group>"; };
		0FEF90B523D4AED600D98060 /* BaseNavigationController.swift */ = {isa = PBXFileReference; lastKnownFileType = sourcecode.swift; path = BaseNavigationController.swift; sourceTree = "<group>"; };
		0FEF90BA23D5E29300D98060 /* MainViewController.swift */ = {isa = PBXFileReference; lastKnownFileType = sourcecode.swift; path = MainViewController.swift; sourceTree = "<group>"; };
		0FF8254823D9D2DF001F61D5 /* UIImage+Extensions.swift */ = {isa = PBXFileReference; lastKnownFileType = sourcecode.swift; path = "UIImage+Extensions.swift"; sourceTree = "<group>"; };
		0FF8254A23D9D2E8001F61D5 /* Data+Extensions.swift */ = {isa = PBXFileReference; lastKnownFileType = sourcecode.swift; path = "Data+Extensions.swift"; sourceTree = "<group>"; };
		0FF8254C23D9D3F8001F61D5 /* CachyCacheManager.swift */ = {isa = PBXFileReference; lastKnownFileType = sourcecode.swift; path = CachyCacheManager.swift; sourceTree = "<group>"; };
		0FF8254E23D9D6AE001F61D5 /* CacheManagerProtocol.swift */ = {isa = PBXFileReference; lastKnownFileType = sourcecode.swift; path = CacheManagerProtocol.swift; sourceTree = "<group>"; };
		0FF8255023DDB78F001F61D5 /* Date+Extensions.swift */ = {isa = PBXFileReference; lastKnownFileType = sourcecode.swift; path = "Date+Extensions.swift"; sourceTree = "<group>"; };
		0FF8255623DDCD77001F61D5 /* ProductListViewController.swift */ = {isa = PBXFileReference; lastKnownFileType = sourcecode.swift; path = ProductListViewController.swift; sourceTree = "<group>"; };
		0FF8255823DDCE27001F61D5 /* MockData.swift */ = {isa = PBXFileReference; lastKnownFileType = sourcecode.swift; path = MockData.swift; sourceTree = "<group>"; };
		0FFB10512407F21A000A6DA6 /* CustomCartView.swift */ = {isa = PBXFileReference; fileEncoding = 4; lastKnownFileType = sourcecode.swift; path = CustomCartView.swift; sourceTree = "<group>"; };
		0FFB10532407F21F000A6DA6 /* CartButton.xib */ = {isa = PBXFileReference; fileEncoding = 4; lastKnownFileType = file.xib; path = CartButton.xib; sourceTree = "<group>"; };
		0FFB10552407F223000A6DA6 /* CustomCartButton.swift */ = {isa = PBXFileReference; fileEncoding = 4; lastKnownFileType = sourcecode.swift; path = CustomCartButton.swift; sourceTree = "<group>"; };
		0FFFCA8E243DCDF40084AAE0 /* SearchResultTableViewCells.swift */ = {isa = PBXFileReference; lastKnownFileType = sourcecode.swift; path = SearchResultTableViewCells.swift; sourceTree = "<group>"; };
/* End PBXFileReference section */

/* Begin PBXFrameworksBuildPhase section */
		0F65DC7D23D0A99B001E1CA9 /* Frameworks */ = {
			isa = PBXFrameworksBuildPhase;
			buildActionMask = 2147483647;
			files = (
				0FF8254223D99D19001F61D5 /* Cachy in Frameworks */,
				0F5881A3244B4BAD0027C329 /* SkyFloatingLabelTextField in Frameworks */,
				0F3492B523D84006001BD150 /* UIImageColors in Frameworks */,
				0FF8254723D99F00001F61D5 /* SwiftHash in Frameworks */,
				0F460E1723D45DF40052434F /* SideMenu in Frameworks */,
			);
			runOnlyForDeploymentPostprocessing = 0;
		};
/* End PBXFrameworksBuildPhase section */

/* Begin PBXGroup section */
		0F460E7B23D480EA0052434F /* SettingsData */ = {
			isa = PBXGroup;
			children = (
				0F460E7C23D481090052434F /* AppData.swift */,
				0F460E8223D488290052434F /* sideMenu.plist */,
				0F460E7E23D481690052434F /* SideMenuData.swift */,
			);
			path = SettingsData;
			sourceTree = "<group>";
		};
		0F506BEE23D73A5500303A1C /* Helpers */ = {
			isa = PBXGroup;
			children = (
				0F506BEC23D73A4700303A1C /* Embedder.swift */,
				0F67ED10243B516B00C28C3A /* HHPickerView.swift */,
				0F3492B623D842A3001BD150 /* AppHelper.swift */,
				0F5EA95823FD3718005274CD /* PaddedTextField.swift */,
				0F7DEEA4243DEA39002CA8B1 /* RoundShadowView.swift */,
			);
			path = Helpers;
			sourceTree = "<group>";
		};
		0F506BF123D740DA00303A1C /* CustomTabbar */ = {
			isa = PBXGroup;
			children = (
				0F78C69E23D61EBE00F72811 /* CustomTabbar.storyboard */,
				0F78C69C23D61E5400F72811 /* CustomTabbar.swift */,
			);
			path = CustomTabbar;
			sourceTree = "<group>";
		};
		0F506BF223D7410200303A1C /* SideMenu */ = {
			isa = PBXGroup;
			children = (
				0F460E8023D4818C0052434F /* SideMenuFactory.swift */,
				0F460E8323D48E730052434F /* RightSideMenuViewController.swift */,
				0F460E7923D4778F0052434F /* SideMenu.storyboard */,
			);
			path = SideMenu;
			sourceTree = "<group>";
		};
		0F506BF323D7411600303A1C /* Main */ = {
			isa = PBXGroup;
			children = (
				0FEF90BA23D5E29300D98060 /* MainViewController.swift */,
				0F506BFA23D7454300303A1C /* MainViewControllersFactory.swift */,
				0F65DC8923D0A99B001E1CA9 /* Main.storyboard */,
			);
			path = Main;
			sourceTree = "<group>";
		};
		0F506BF423D7412D00303A1C /* Intro */ = {
			isa = PBXGroup;
			children = (
				0F65DC9723D0A9BF001E1CA9 /* IntroStoryboard.storyboard */,
				0F65DC9823D0A9BF001E1CA9 /* IntroSimplePageViewController.swift */,
				0F65DC9923D0A9BF001E1CA9 /* IntroMainPageViewController.swift */,
			);
			path = Intro;
			sourceTree = "<group>";
		};
		0F506BF523D7416900303A1C /* Home */ = {
			isa = PBXGroup;
			children = (
				0F506BF623D7417600303A1C /* Home.storyboard */,
				0F506BF823D741E100303A1C /* HomeViewController.swift */,
				0F3492BA23D853FE001BD150 /* BrandCollectionViewController.swift */,
				0F3492B123D83F6C001BD150 /* CollectionWidgets.swift */,
			);
			path = Home;
			sourceTree = "<group>";
		};
		0F58819E244B43460027C329 /* Auth */ = {
			isa = PBXGroup;
			children = (
				0F58819F244B43680027C329 /* Auth.storyboard */,
				0F5881A624559D2D0027C329 /* ForgetPasswordViewController.swift */,
				0F0BD2FF24682F2200B6B618 /* FormViewController.swift */,
				0F0BD2FB246827BE00B6B618 /* AuthNavigationController.swift */,
				0F5881A824559F620027C329 /* RegisterViewController.swift */,
				0F5881A4245595E10027C329 /* LoginViewController.swift */,
			);
			path = Auth;
			sourceTree = "<group>";
		};
		0F65DC7723D0A99B001E1CA9 = {
			isa = PBXGroup;
			children = (
				0F65DC8223D0A99B001E1CA9 /* Dipti */,
				0F65DC8123D0A99B001E1CA9 /* Products */,
			);
			sourceTree = "<group>";
		};
		0F65DC8123D0A99B001E1CA9 /* Products */ = {
			isa = PBXGroup;
			children = (
				0F65DC8023D0A99B001E1CA9 /* Dipti.app */,
			);
			name = Products;
			sourceTree = "<group>";
		};
		0F65DC8223D0A99B001E1CA9 /* Dipti */ = {
			isa = PBXGroup;
			children = (
				0F65DCA023D0A9E5001E1CA9 /* Assets */,
				0FEF90B023D4AC8100D98060 /* Extensions */,
				0F460E7B23D480EA0052434F /* SettingsData */,
				0F506BEE23D73A5500303A1C /* Helpers */,
				0F65DC8323D0A99B001E1CA9 /* AppDelegate.swift */,
				0F99640B2417B214004DF118 /* ColorPickerCollectionView.swift */,
				0F65DC8723D0A99B001E1CA9 /* ViewController.swift */,
				0F506BF123D740DA00303A1C /* CustomTabbar */,
				0F506BF223D7410200303A1C /* SideMenu */,
				0F58819E244B43460027C329 /* Auth */,
				0F506BF423D7412D00303A1C /* Intro */,
				0F506BF323D7411600303A1C /* Main */,
				0F506BF523D7416900303A1C /* Home */,
				0FEF90B523D4AED600D98060 /* BaseNavigationController.swift */,
				0FF8255823DDCE27001F61D5 /* MockData.swift */,
				0F67ED16243C707A00C28C3A /* Cart */,
				0FA1CC4423E6A1B9002F0F8E /* ScrollableViewController.swift */,
				0F67ED17243C70AE00C28C3A /* Search */,
				0F59B4E623FC02A5008A9E13 /* ScrollableNavigationController.swift */,
				0FDD2C3623E01FE6006EE934 /* Product */,
				0FF8255223DDB7E8001F61D5 /* Cache */,
				0F65DC8C23D0A99D001E1CA9 /* Assets.xcassets */,
				0F65DC8E23D0A99D001E1CA9 /* LaunchScreen.storyboard */,
				0F65DC9123D0A99D001E1CA9 /* Info.plist */,
			);
			path = Dipti;
			sourceTree = "<group>";
		};
		0F65DCA023D0A9E5001E1CA9 /* Assets */ = {
			isa = PBXGroup;
			children = (
				0F65DCA123D0A9EB001E1CA9 /* Fonts */,
			);
			path = Assets;
			sourceTree = "<group>";
		};
		0F65DCA123D0A9EB001E1CA9 /* Fonts */ = {
			isa = PBXGroup;
			children = (
				0F3492A923D83EB8001BD150 /* IRANSansWeb_Black.ttf */,
				0F3492A523D83EB7001BD150 /* IRANSansWeb_Bold.ttf */,
				0F3492A823D83EB8001BD150 /* IRANSansWeb_Light.ttf */,
				0F3492A623D83EB7001BD150 /* IRANSansWeb_Medium.ttf */,
				0F3492AA23D83EB8001BD150 /* IRANSansWeb_UltraLight.ttf */,
				0F3492A723D83EB7001BD150 /* IRANSansWeb.ttf */,
			);
			path = Fonts;
			sourceTree = "<group>";
		};
		0F67ED16243C707A00C28C3A /* Cart */ = {
			isa = PBXGroup;
			children = (
				0FFB10502407F20D000A6DA6 /* CustomCartButton */,
				0FCDC47D2401232C001FEAB4 /* Cart.swift */,
				0F7DEEA6243DEFAB002CA8B1 /* Cart.storyboard */,
				0F7DEEA8243DF44B002CA8B1 /* CartViewController.swift */,
			);
			path = Cart;
			sourceTree = "<group>";
		};
		0F67ED17243C70AE00C28C3A /* Search */ = {
			isa = PBXGroup;
			children = (
				0F67ED1A243C72A200C28C3A /* SearchResultViewController.swift */,
				0FFFCA8E243DCDF40084AAE0 /* SearchResultTableViewCells.swift */,
				0F67ED1C243C72E700C28C3A /* SearchResult.storyboard */,
			);
			path = Search;
			sourceTree = "<group>";
		};
		0FDD2C3623E01FE6006EE934 /* Product */ = {
			isa = PBXGroup;
			children = (
				0FDD2C3723E02011006EE934 /* Product.storyboard */,
				0FDD2C3423DEF1F5006EE934 /* ProductDetail.swift */,
				0FF8255623DDCD77001F61D5 /* ProductListViewController.swift */,
				0FA1CC4223E020F8002F0F8E /* ProductMockFactory.swift */,
			);
			path = Product;
			sourceTree = "<group>";
		};
		0FEF90B023D4AC8100D98060 /* Extensions */ = {
			isa = PBXGroup;
			children = (
				0F506BEF23D73FA100303A1C /* Array+Extensions.swift */,
				0FEF90B123D4AC9000D98060 /* UIView+Extensions.swift */,
				0F4EC3962407F6C000EA845C /* String+Extensions.swift */,
				0FEF90B323D4AC9600D98060 /* UIButton+Extensions.swift */,
				0F78C69A23D6060E00F72811 /* UIColor+Extensions.swift */,
				0FF8254A23D9D2E8001F61D5 /* Data+Extensions.swift */,
				0FF8254823D9D2DF001F61D5 /* UIImage+Extensions.swift */,
				0FF8255023DDB78F001F61D5 /* Date+Extensions.swift */,
				0F67ED12243B571600C28C3A /* Double+Extension.swift */,
				0FCDC47B24010C9B001FEAB4 /* UIStroyboard+Extension.swift */,
				0F67ED14243B577F00C28C3A /* UIPicker+Extensions.swift */,
				0F67ED1E243DC41600C28C3A /* CACornerMask+Extensions.swift */,
				0F7DEEAA243E04D6002CA8B1 /* UIAlertController+Extensions.swift */,
				0F0BD3062468392100B6B618 /* UIViewController+Extensions.swift */,
				0F0BD2FD24682E7B00B6B618 /* UINavigationController+Extensions.swift */,
			);
			path = Extensions;
			sourceTree = "<group>";
		};
		0FF8255223DDB7E8001F61D5 /* Cache */ = {
			isa = PBXGroup;
			children = (
				0FF8254C23D9D3F8001F61D5 /* CachyCacheManager.swift */,
				0FF8254E23D9D6AE001F61D5 /* CacheManagerProtocol.swift */,
			);
			path = Cache;
			sourceTree = "<group>";
		};
		0FFB10502407F20D000A6DA6 /* CustomCartButton */ = {
			isa = PBXGroup;
			children = (
				0FFB10532407F21F000A6DA6 /* CartButton.xib */,
				0FFB10552407F223000A6DA6 /* CustomCartButton.swift */,
				0FFB10512407F21A000A6DA6 /* CustomCartView.swift */,
			);
			path = CustomCartButton;
			sourceTree = "<group>";
		};
/* End PBXGroup section */

/* Begin PBXNativeTarget section */
		0F65DC7F23D0A99B001E1CA9 /* Dipti */ = {
			isa = PBXNativeTarget;
			buildConfigurationList = 0F65DC9423D0A99D001E1CA9 /* Build configuration list for PBXNativeTarget "Dipti" */;
			buildPhases = (
				0F65DC7C23D0A99B001E1CA9 /* Sources */,
				0F65DC7D23D0A99B001E1CA9 /* Frameworks */,
				0F65DC7E23D0A99B001E1CA9 /* Resources */,
			);
			buildRules = (
			);
			dependencies = (
			);
			name = Dipti;
			packageProductDependencies = (
				0F460E1623D45DF40052434F /* SideMenu */,
				0F3492B423D84006001BD150 /* UIImageColors */,
				0FF8254123D99D19001F61D5 /* Cachy */,
				0FF8254623D99F00001F61D5 /* SwiftHash */,
				0F5881A2244B4BAD0027C329 /* SkyFloatingLabelTextField */,
			);
			productName = Dipti;
			productReference = 0F65DC8023D0A99B001E1CA9 /* Dipti.app */;
			productType = "com.apple.product-type.application";
		};
/* End PBXNativeTarget section */

/* Begin PBXProject section */
		0F65DC7823D0A99B001E1CA9 /* Project object */ = {
			isa = PBXProject;
			attributes = {
				LastSwiftUpdateCheck = 1130;
				LastUpgradeCheck = 1130;
				ORGANIZATIONNAME = "Hadi Sharghi";
				TargetAttributes = {
					0F65DC7F23D0A99B001E1CA9 = {
						CreatedOnToolsVersion = 11.3.1;
					};
				};
			};
			buildConfigurationList = 0F65DC7B23D0A99B001E1CA9 /* Build configuration list for PBXProject "Dipti" */;
			compatibilityVersion = "Xcode 9.3";
			developmentRegion = en;
			hasScannedForEncodings = 0;
			knownRegions = (
				en,
				Base,
			);
			mainGroup = 0F65DC7723D0A99B001E1CA9;
			packageReferences = (
				0F460E1523D45DF40052434F /* XCRemoteSwiftPackageReference "SideMenu" */,
				0F3492B323D84006001BD150 /* XCRemoteSwiftPackageReference "UIImageColors" */,
				0FF8254023D99D18001F61D5 /* XCRemoteSwiftPackageReference "CachyKit" */,
				0FF8254523D99F00001F61D5 /* XCRemoteSwiftPackageReference "SwiftHash" */,
				0F5881A1244B4BAD0027C329 /* XCRemoteSwiftPackageReference "SkyFloatingLabelTextField" */,
			);
			productRefGroup = 0F65DC8123D0A99B001E1CA9 /* Products */;
			projectDirPath = "";
			projectRoot = "";
			targets = (
				0F65DC7F23D0A99B001E1CA9 /* Dipti */,
			);
		};
/* End PBXProject section */

/* Begin PBXResourcesBuildPhase section */
		0F65DC7E23D0A99B001E1CA9 /* Resources */ = {
			isa = PBXResourcesBuildPhase;
			buildActionMask = 2147483647;
			files = (
				0F5881A0244B43680027C329 /* Auth.storyboard in Resources */,
				0F65DC9023D0A99D001E1CA9 /* LaunchScreen.storyboard in Resources */,
				0F506BF723D7417600303A1C /* Home.storyboard in Resources */,
				0F460E7A23D4778F0052434F /* SideMenu.storyboard in Resources */,
				0FDD2C3823E02011006EE934 /* Product.storyboard in Resources */,
				0F65DC8B23D0A99B001E1CA9 /* Main.storyboard in Resources */,
				0FFB10542407F21F000A6DA6 /* CartButton.xib in Resources */,
				0F78C69F23D61EBE00F72811 /* CustomTabbar.storyboard in Resources */,
				0F3492AB23D83EB8001BD150 /* IRANSansWeb_Bold.ttf in Resources */,
				0F3492AC23D83EB8001BD150 /* IRANSansWeb_Medium.ttf in Resources */,
				0F65DC9A23D0A9BF001E1CA9 /* IntroStoryboard.storyboard in Resources */,
				0F7DEEA7243DEFAB002CA8B1 /* Cart.storyboard in Resources */,
				0F460E8523D4935F0052434F /* sideMenu.plist in Resources */,
				0F67ED1D243C72E700C28C3A /* SearchResult.storyboard in Resources */,
				0F3492B023D83EB8001BD150 /* IRANSansWeb_UltraLight.ttf in Resources */,
				0F3492AF23D83EB8001BD150 /* IRANSansWeb_Black.ttf in Resources */,
				0F3492AD23D83EB8001BD150 /* IRANSansWeb.ttf in Resources */,
				0F65DCA923D0B89F001E1CA9 /* Assets.xcassets in Resources */,
				0F3492AE23D83EB8001BD150 /* IRANSansWeb_Light.ttf in Resources */,
			);
			runOnlyForDeploymentPostprocessing = 0;
		};
/* End PBXResourcesBuildPhase section */

/* Begin PBXSourcesBuildPhase section */
		0F65DC7C23D0A99B001E1CA9 /* Sources */ = {
			isa = PBXSourcesBuildPhase;
			buildActionMask = 2147483647;
			files = (
				0F65DC9B23D0A9BF001E1CA9 /* IntroSimplePageViewController.swift in Sources */,
				0F7DEEA5243DEA39002CA8B1 /* RoundShadowView.swift in Sources */,
				0F506BED23D73A4700303A1C /* Embedder.swift in Sources */,
				0F0BD2FC246827BF00B6B618 /* AuthNavigationController.swift in Sources */,
				0FEF90BB23D5E29300D98060 /* MainViewController.swift in Sources */,
				0F0BD2FE24682E7B00B6B618 /* UINavigationController+Extensions.swift in Sources */,
				0FF8255123DDB78F001F61D5 /* Date+Extensions.swift in Sources */,
				0F506BF923D741E100303A1C /* HomeViewController.swift in Sources */,
				0FF8255923DDCE27001F61D5 /* MockData.swift in Sources */,
				0F67ED11243B516B00C28C3A /* HHPickerView.swift in Sources */,
				0FF8254D23D9D3F8001F61D5 /* CachyCacheManager.swift in Sources */,
				0F460E8423D48E730052434F /* RightSideMenuViewController.swift in Sources */,
				0F7DEEAB243E04D6002CA8B1 /* UIAlertController+Extensions.swift in Sources */,
				0F99640C2417B214004DF118 /* ColorPickerCollectionView.swift in Sources */,
				0FEF90B223D4AC9000D98060 /* UIView+Extensions.swift in Sources */,
				0F3492BB23D853FE001BD150 /* BrandCollectionViewController.swift in Sources */,
				0F5881A5245595E10027C329 /* LoginViewController.swift in Sources */,
				0F0BD3072468392100B6B618 /* UIViewController+Extensions.swift in Sources */,
				0FF8254B23D9D2E8001F61D5 /* Data+Extensions.swift in Sources */,
				0F5881A724559D2E0027C329 /* ForgetPasswordViewController.swift in Sources */,
				0F67ED1F243DC41600C28C3A /* CACornerMask+Extensions.swift in Sources */,
				0FFB10522407F21A000A6DA6 /* CustomCartView.swift in Sources */,
				0F5881A924559F620027C329 /* RegisterViewController.swift in Sources */,
				0F460E7F23D481690052434F /* SideMenuData.swift in Sources */,
				0FDD2C3523DEF1F5006EE934 /* ProductDetail.swift in Sources */,
				0F460E8123D4818C0052434F /* SideMenuFactory.swift in Sources */,
				0FCDC47C24010C9B001FEAB4 /* UIStroyboard+Extension.swift in Sources */,
				0FA1CC4323E020F8002F0F8E /* ProductMockFactory.swift in Sources */,
				0F78C69D23D61E5400F72811 /* CustomTabbar.swift in Sources */,
				0FCDC47E2401232C001FEAB4 /* Cart.swift in Sources */,
				0F506BF023D73FA200303A1C /* Array+Extensions.swift in Sources */,
				0F65DC8823D0A99B001E1CA9 /* ViewController.swift in Sources */,
				0F65DC8423D0A99B001E1CA9 /* AppDelegate.swift in Sources */,
				0F3492B223D83F6C001BD150 /* CollectionWidgets.swift in Sources */,
				0FEF90B623D4AED600D98060 /* BaseNavigationController.swift in Sources */,
				0FFB10562407F223000A6DA6 /* CustomCartButton.swift in Sources */,
				0F67ED1B243C72A200C28C3A /* SearchResultViewController.swift in Sources */,
				0F0BD30024682F2200B6B618 /* FormViewController.swift in Sources */,
				0F67ED13243B571600C28C3A /* Double+Extension.swift in Sources */,
				0FA1CC4523E6A1B9002F0F8E /* ScrollableViewController.swift in Sources */,
				0F59B4E723FC02A5008A9E13 /* ScrollableNavigationController.swift in Sources */,
				0F65DC9C23D0A9BF001E1CA9 /* IntroMainPageViewController.swift in Sources */,
				0F67ED15243B577F00C28C3A /* UIPicker+Extensions.swift in Sources */,
				0FFFCA8F243DCDF40084AAE0 /* SearchResultTableViewCells.swift in Sources */,
				0FF8255723DDCD77001F61D5 /* ProductListViewController.swift in Sources */,
				0F5EA95923FD3718005274CD /* PaddedTextField.swift in Sources */,
				0FF8254F23D9D6AE001F61D5 /* CacheManagerProtocol.swift in Sources */,
				0FF8254923D9D2DF001F61D5 /* UIImage+Extensions.swift in Sources */,
				0F4EC3972407F6C000EA845C /* String+Extensions.swift in Sources */,
				0F3492B723D842A3001BD150 /* AppHelper.swift in Sources */,
				0F78C69B23D6060E00F72811 /* UIColor+Extensions.swift in Sources */,
				0F7DEEA9243DF44B002CA8B1 /* CartViewController.swift in Sources */,
				0FEF90B423D4AC9600D98060 /* UIButton+Extensions.swift in Sources */,
				0F506BFB23D7454300303A1C /* MainViewControllersFactory.swift in Sources */,
				0F460E7D23D481090052434F /* AppData.swift in Sources */,
			);
			runOnlyForDeploymentPostprocessing = 0;
		};
/* End PBXSourcesBuildPhase section */

/* Begin PBXVariantGroup section */
		0F65DC8923D0A99B001E1CA9 /* Main.storyboard */ = {
			isa = PBXVariantGroup;
			children = (
				0F65DC8A23D0A99B001E1CA9 /* Base */,
			);
			name = Main.storyboard;
			sourceTree = "<group>";
		};
		0F65DC8E23D0A99D001E1CA9 /* LaunchScreen.storyboard */ = {
			isa = PBXVariantGroup;
			children = (
				0F65DC8F23D0A99D001E1CA9 /* Base */,
			);
			name = LaunchScreen.storyboard;
			sourceTree = "<group>";
		};
/* End PBXVariantGroup section */

/* Begin XCBuildConfiguration section */
		0F65DC9223D0A99D001E1CA9 /* Debug */ = {
			isa = XCBuildConfiguration;
			buildSettings = {
				ALWAYS_SEARCH_USER_PATHS = NO;
				CLANG_ANALYZER_NONNULL = YES;
				CLANG_ANALYZER_NUMBER_OBJECT_CONVERSION = YES_AGGRESSIVE;
				CLANG_CXX_LANGUAGE_STANDARD = "gnu++14";
				CLANG_CXX_LIBRARY = "libc++";
				CLANG_ENABLE_MODULES = YES;
				CLANG_ENABLE_OBJC_ARC = YES;
				CLANG_ENABLE_OBJC_WEAK = YES;
				CLANG_WARN_BLOCK_CAPTURE_AUTORELEASING = YES;
				CLANG_WARN_BOOL_CONVERSION = YES;
				CLANG_WARN_COMMA = YES;
				CLANG_WARN_CONSTANT_CONVERSION = YES;
				CLANG_WARN_DEPRECATED_OBJC_IMPLEMENTATIONS = YES;
				CLANG_WARN_DIRECT_OBJC_ISA_USAGE = YES_ERROR;
				CLANG_WARN_DOCUMENTATION_COMMENTS = YES;
				CLANG_WARN_EMPTY_BODY = YES;
				CLANG_WARN_ENUM_CONVERSION = YES;
				CLANG_WARN_INFINITE_RECURSION = YES;
				CLANG_WARN_INT_CONVERSION = YES;
				CLANG_WARN_NON_LITERAL_NULL_CONVERSION = YES;
				CLANG_WARN_OBJC_IMPLICIT_RETAIN_SELF = YES;
				CLANG_WARN_OBJC_LITERAL_CONVERSION = YES;
				CLANG_WARN_OBJC_ROOT_CLASS = YES_ERROR;
				CLANG_WARN_RANGE_LOOP_ANALYSIS = YES;
				CLANG_WARN_STRICT_PROTOTYPES = YES;
				CLANG_WARN_SUSPICIOUS_MOVE = YES;
				CLANG_WARN_UNGUARDED_AVAILABILITY = YES_AGGRESSIVE;
				CLANG_WARN_UNREACHABLE_CODE = YES;
				CLANG_WARN__DUPLICATE_METHOD_MATCH = YES;
				COPY_PHASE_STRIP = NO;
				DEBUG_INFORMATION_FORMAT = dwarf;
				ENABLE_STRICT_OBJC_MSGSEND = YES;
				ENABLE_TESTABILITY = YES;
				GCC_C_LANGUAGE_STANDARD = gnu11;
				GCC_DYNAMIC_NO_PIC = NO;
				GCC_NO_COMMON_BLOCKS = YES;
				GCC_OPTIMIZATION_LEVEL = 0;
				GCC_PREPROCESSOR_DEFINITIONS = (
					"DEBUG=1",
					"$(inherited)",
				);
				GCC_WARN_64_TO_32_BIT_CONVERSION = YES;
				GCC_WARN_ABOUT_RETURN_TYPE = YES_ERROR;
				GCC_WARN_UNDECLARED_SELECTOR = YES;
				GCC_WARN_UNINITIALIZED_AUTOS = YES_AGGRESSIVE;
				GCC_WARN_UNUSED_FUNCTION = YES;
				GCC_WARN_UNUSED_VARIABLE = YES;
				IPHONEOS_DEPLOYMENT_TARGET = 13.2;
				MTL_ENABLE_DEBUG_INFO = INCLUDE_SOURCE;
				MTL_FAST_MATH = YES;
				ONLY_ACTIVE_ARCH = YES;
				SDKROOT = iphoneos;
				SWIFT_ACTIVE_COMPILATION_CONDITIONS = DEBUG;
				SWIFT_OPTIMIZATION_LEVEL = "-Onone";
			};
			name = Debug;
		};
		0F65DC9323D0A99D001E1CA9 /* Release */ = {
			isa = XCBuildConfiguration;
			buildSettings = {
				ALWAYS_SEARCH_USER_PATHS = NO;
				CLANG_ANALYZER_NONNULL = YES;
				CLANG_ANALYZER_NUMBER_OBJECT_CONVERSION = YES_AGGRESSIVE;
				CLANG_CXX_LANGUAGE_STANDARD = "gnu++14";
				CLANG_CXX_LIBRARY = "libc++";
				CLANG_ENABLE_MODULES = YES;
				CLANG_ENABLE_OBJC_ARC = YES;
				CLANG_ENABLE_OBJC_WEAK = YES;
				CLANG_WARN_BLOCK_CAPTURE_AUTORELEASING = YES;
				CLANG_WARN_BOOL_CONVERSION = YES;
				CLANG_WARN_COMMA = YES;
				CLANG_WARN_CONSTANT_CONVERSION = YES;
				CLANG_WARN_DEPRECATED_OBJC_IMPLEMENTATIONS = YES;
				CLANG_WARN_DIRECT_OBJC_ISA_USAGE = YES_ERROR;
				CLANG_WARN_DOCUMENTATION_COMMENTS = YES;
				CLANG_WARN_EMPTY_BODY = YES;
				CLANG_WARN_ENUM_CONVERSION = YES;
				CLANG_WARN_INFINITE_RECURSION = YES;
				CLANG_WARN_INT_CONVERSION = YES;
				CLANG_WARN_NON_LITERAL_NULL_CONVERSION = YES;
				CLANG_WARN_OBJC_IMPLICIT_RETAIN_SELF = YES;
				CLANG_WARN_OBJC_LITERAL_CONVERSION = YES;
				CLANG_WARN_OBJC_ROOT_CLASS = YES_ERROR;
				CLANG_WARN_RANGE_LOOP_ANALYSIS = YES;
				CLANG_WARN_STRICT_PROTOTYPES = YES;
				CLANG_WARN_SUSPICIOUS_MOVE = YES;
				CLANG_WARN_UNGUARDED_AVAILABILITY = YES_AGGRESSIVE;
				CLANG_WARN_UNREACHABLE_CODE = YES;
				CLANG_WARN__DUPLICATE_METHOD_MATCH = YES;
				COPY_PHASE_STRIP = NO;
				DEBUG_INFORMATION_FORMAT = "dwarf-with-dsym";
				ENABLE_NS_ASSERTIONS = NO;
				ENABLE_STRICT_OBJC_MSGSEND = YES;
				GCC_C_LANGUAGE_STANDARD = gnu11;
				GCC_NO_COMMON_BLOCKS = YES;
				GCC_WARN_64_TO_32_BIT_CONVERSION = YES;
				GCC_WARN_ABOUT_RETURN_TYPE = YES_ERROR;
				GCC_WARN_UNDECLARED_SELECTOR = YES;
				GCC_WARN_UNINITIALIZED_AUTOS = YES_AGGRESSIVE;
				GCC_WARN_UNUSED_FUNCTION = YES;
				GCC_WARN_UNUSED_VARIABLE = YES;
				IPHONEOS_DEPLOYMENT_TARGET = 13.2;
				MTL_ENABLE_DEBUG_INFO = NO;
				MTL_FAST_MATH = YES;
				SDKROOT = iphoneos;
				SWIFT_COMPILATION_MODE = wholemodule;
				SWIFT_OPTIMIZATION_LEVEL = "-O";
				VALIDATE_PRODUCT = YES;
			};
			name = Release;
		};
		0F65DC9523D0A99D001E1CA9 /* Debug */ = {
			isa = XCBuildConfiguration;
			buildSettings = {
				ASSETCATALOG_COMPILER_APPICON_NAME = AppIcon;
				CODE_SIGN_STYLE = Automatic;
				CURRENT_PROJECT_VERSION = 2;
				DEVELOPMENT_TEAM = 923H768GFC;
				INFOPLIST_FILE = Dipti/Info.plist;
				LD_RUNPATH_SEARCH_PATHS = (
					"$(inherited)",
					"@executable_path/Frameworks",
				);
				MARKETING_VERSION = 0.1.1;
				PRODUCT_BUNDLE_IDENTIFIER = com.softworks.Dipti;
				PRODUCT_NAME = "$(TARGET_NAME)";
				SWIFT_VERSION = 5.0;
				TARGETED_DEVICE_FAMILY = 1;
			};
			name = Debug;
		};
		0F65DC9623D0A99D001E1CA9 /* Release */ = {
			isa = XCBuildConfiguration;
			buildSettings = {
				ASSETCATALOG_COMPILER_APPICON_NAME = AppIcon;
				CODE_SIGN_STYLE = Automatic;
				CURRENT_PROJECT_VERSION = 2;
				DEVELOPMENT_TEAM = 923H768GFC;
				INFOPLIST_FILE = Dipti/Info.plist;
				LD_RUNPATH_SEARCH_PATHS = (
					"$(inherited)",
					"@executable_path/Frameworks",
				);
				MARKETING_VERSION = 0.1.1;
				PRODUCT_BUNDLE_IDENTIFIER = com.softworks.Dipti;
				PRODUCT_NAME = "$(TARGET_NAME)";
				SWIFT_VERSION = 5.0;
				TARGETED_DEVICE_FAMILY = 1;
			};
			name = Release;
		};
/* End XCBuildConfiguration section */

/* Begin XCConfigurationList section */
		0F65DC7B23D0A99B001E1CA9 /* Build configuration list for PBXProject "Dipti" */ = {
			isa = XCConfigurationList;
			buildConfigurations = (
				0F65DC9223D0A99D001E1CA9 /* Debug */,
				0F65DC9323D0A99D001E1CA9 /* Release */,
			);
			defaultConfigurationIsVisible = 0;
			defaultConfigurationName = Release;
		};
		0F65DC9423D0A99D001E1CA9 /* Build configuration list for PBXNativeTarget "Dipti" */ = {
			isa = XCConfigurationList;
			buildConfigurations = (
				0F65DC9523D0A99D001E1CA9 /* Debug */,
				0F65DC9623D0A99D001E1CA9 /* Release */,
			);
			defaultConfigurationIsVisible = 0;
			defaultConfigurationName = Release;
		};
/* End XCConfigurationList section */

/* Begin XCRemoteSwiftPackageReference section */
		0F3492B323D84006001BD150 /* XCRemoteSwiftPackageReference "UIImageColors" */ = {
			isa = XCRemoteSwiftPackageReference;
			repositoryURL = "https://github.com/jathu/UIImageColors";
			requirement = {
				kind = upToNextMajorVersion;
				minimumVersion = 2.2.0;
			};
		};
		0F460E1523D45DF40052434F /* XCRemoteSwiftPackageReference "SideMenu" */ = {
			isa = XCRemoteSwiftPackageReference;
			repositoryURL = "https://github.com/jonkykong/SideMenu";
			requirement = {
				kind = upToNextMajorVersion;
				minimumVersion = 6.4.6;
			};
		};
		0F5881A1244B4BAD0027C329 /* XCRemoteSwiftPackageReference "SkyFloatingLabelTextField" */ = {
			isa = XCRemoteSwiftPackageReference;
			repositoryURL = "https://github.com/Skyscanner/SkyFloatingLabelTextField";
			requirement = {
				kind = upToNextMajorVersion;
				minimumVersion = 3.8.0;
			};
		};
		0FF8254023D99D18001F61D5 /* XCRemoteSwiftPackageReference "CachyKit" */ = {
			isa = XCRemoteSwiftPackageReference;
			repositoryURL = "https://github.com/Sadmansamee/CachyKit";
			requirement = {
				kind = upToNextMajorVersion;
				minimumVersion = 1.0.12;
			};
		};
		0FF8254523D99F00001F61D5 /* XCRemoteSwiftPackageReference "SwiftHash" */ = {
			isa = XCRemoteSwiftPackageReference;
			repositoryURL = "https://github.com/onmyway133/SwiftHash";
			requirement = {
				kind = upToNextMajorVersion;
				minimumVersion = 2.0.2;
			};
		};
/* End XCRemoteSwiftPackageReference section */

/* Begin XCSwiftPackageProductDependency section */
		0F3492B423D84006001BD150 /* UIImageColors */ = {
			isa = XCSwiftPackageProductDependency;
			package = 0F3492B323D84006001BD150 /* XCRemoteSwiftPackageReference "UIImageColors" */;
			productName = UIImageColors;
		};
		0F460E1623D45DF40052434F /* SideMenu */ = {
			isa = XCSwiftPackageProductDependency;
			package = 0F460E1523D45DF40052434F /* XCRemoteSwiftPackageReference "SideMenu" */;
			productName = SideMenu;
		};
		0F5881A2244B4BAD0027C329 /* SkyFloatingLabelTextField */ = {
			isa = XCSwiftPackageProductDependency;
			package = 0F5881A1244B4BAD0027C329 /* XCRemoteSwiftPackageReference "SkyFloatingLabelTextField" */;
			productName = SkyFloatingLabelTextField;
		};
		0FF8254123D99D19001F61D5 /* Cachy */ = {
			isa = XCSwiftPackageProductDependency;
			package = 0FF8254023D99D18001F61D5 /* XCRemoteSwiftPackageReference "CachyKit" */;
			productName = Cachy;
		};
		0FF8254623D99F00001F61D5 /* SwiftHash */ = {
			isa = XCSwiftPackageProductDependency;
			package = 0FF8254523D99F00001F61D5 /* XCRemoteSwiftPackageReference "SwiftHash" */;
			productName = SwiftHash;
		};
/* End XCSwiftPackageProductDependency section */
	};
	rootObject = 0F65DC7823D0A99B001E1CA9 /* Project object */;
}
